# This lock file was generated by conda-lock (https://github.com/conda/conda-lock). DO NOT EDIT!
#
# A "lock file" contains a concrete list of package versions (with checksums) to be installed. Unlike
# e.g. `conda env create`, the resulting environment will not change as new package versions become
# available, unless you explicitly update the lock file.
#
# Install this environment as "YOURENV" with:
#     conda-lock install -n YOURENV .cavsim-dev.linux-64.conda-lock.yml
# To update a single package to the latest version compatible with the version constraints in the source:
#     conda-lock lock  --lockfile .cavsim-dev.linux-64.conda-lock.yml --update PACKAGE
# To re-solve the entire environment, e.g. after changing a version constraint in the source file:
#     conda-lock -f .cavsim-dev.linux-64.lock_environment.yml --lockfile .cavsim-dev.linux-64.conda-lock.yml
version: 1
metadata:
  content_hash:
    linux-64: ee98fbd882c98ab4aef8ab89139361534eb593deca12110d9af84e91e23b377f
  channels:
  - url: conda-forge
    used_env_vars: []
  - url: defaults
    used_env_vars: []
  platforms:
  - linux-64
  sources:
  - .cavsim-dev.linux-64.lock_environment.yml
package:
- name: _openmp_mutex
  version: '4.5'
  manager: conda
  platform: linux-64
  dependencies:
    __glibc: '>=2.17,<3.0.a0'
    libgomp: '>=7.5.0'
  url: https://conda.anaconda.org/conda-forge/linux-64/_openmp_mutex-4.5-20_gnu.conda
  hash:
    md5: a9f577daf3de00bca7c3c76c0ecbd1de
    sha256: 1dd3fffd892081df9726d7eb7e0dea6198962ba775bd88842135a4ddb4deb3c9
  category: main
  optional: false
- name: binutils
  version: 2.45.1
  manager: conda
  platform: linux-64
  dependencies:
    binutils_impl_linux-64: '>=2.45.1,<2.45.2.0a0'
  url: https://conda.anaconda.org/conda-forge/linux-64/binutils-2.45.1-default_h4852527_101.conda
  hash:
    md5: 9902aeb08445c03fb31e01beeb173988
    sha256: 2851d34944b056d028543f0440fb631aeeff204151ea09589d8d9c13882395de
  category: main
  optional: false
- name: binutils_impl_linux-64
  version: 2.45.1
  manager: conda
  platform: linux-64
  dependencies:
    ld_impl_linux-64: 2.45.1
    sysroot_linux-64: ''
    zstd: '>=1.5.7,<1.6.0a0'
  url: https://conda.anaconda.org/conda-forge/linux-64/binutils_impl_linux-64-2.45.1-default_hfdba357_101.conda
  hash:
    md5: 83aa53cb3f5fc849851a84d777a60551
    sha256: 74341b26a2b9475dc14ba3cf12432fcd10a23af285101883e720216d81d44676
  category: main
  optional: false
- name: binutils_linux-64
  version: 2.45.1
  manager: conda
  platform: linux-64
  dependencies:
    binutils_impl_linux-64: 2.45.1
  url: https://conda.anaconda.org/conda-forge/linux-64/binutils_linux-64-2.45.1-default_h4852527_101.conda
  hash:
    md5: dec96579f9a7035a59492bf6ee613b53
    sha256: 4826f97d33cbe54459970a1e84500dbe0cccf8326aaf370e707372ae20ec5a47
  category: main
  optional: false
- name: bzip2
  version: 1.0.8
  manager: conda
  platform: linux-64
  dependencies:
    __glibc: '>=2.17,<3.0.a0'
    libgcc: '>=14'
  url: https://conda.anaconda.org/conda-forge/linux-64/bzip2-1.0.8-hda65f42_9.conda
  hash:
    md5: d2ffd7602c02f2b316fd921d39876885
    sha256: 0b75d45f0bba3e95dc693336fa51f40ea28c980131fec438afb7ce6118ed05f6
  category: main
  optional: false
- name: c-ares
  version: 1.34.6
  manager: conda
  platform: linux-64
  dependencies:
    __glibc: '>=2.17,<3.0.a0'
    libgcc: '>=14'
  url: https://conda.anaconda.org/conda-forge/linux-64/c-ares-1.34.6-hb03c661_0.conda
  hash:
    md5: 920bb03579f15389b9e512095ad995b7
    sha256: cc9accf72fa028d31c2a038460787751127317dcfa991f8d1f1babf216bb454e
  category: main
  optional: false
- name: c-compiler
  version: 1.11.0
  manager: conda
  platform: linux-64
  dependencies:
    binutils: ''
    gcc: ''
    gcc_linux-64: 14.*
  url: https://conda.anaconda.org/conda-forge/linux-64/c-compiler-1.11.0-h4d9bdce_0.conda
  hash:
    md5: abd85120de1187b0d1ec305c2173c71b
    sha256: 8e7a40f16400d7839c82581410aa05c1f8324a693c9d50079f8c50dc9fb241f0
  category: main
  optional: false
- name: ca-certificates
  version: 2026.1.4
  manager: conda
  platform: linux-64
  dependencies:
    __unix: ''
  url: https://conda.anaconda.org/conda-forge/noarch/ca-certificates-2026.1.4-hbd8a1cb_0.conda
  hash:
    md5: bddacf101bb4dd0e51811cb69c7790e2
    sha256: b5974ec9b50e3c514a382335efa81ed02b05906849827a34061c496f4defa0b2
  category: main
  optional: false
- name: cmake
  version: 4.2.3
  manager: conda
  platform: linux-64
  dependencies:
    __glibc: '>=2.17,<3.0.a0'
    bzip2: '>=1.0.8,<2.0a0'
    libcurl: '>=8.18.0,<9.0a0'
    libexpat: '>=2.7.4,<3.0a0'
    libgcc: '>=14'
    liblzma: '>=5.8.2,<6.0a0'
    libstdcxx: '>=14'
    libuv: '>=1.51.0,<2.0a0'
    libzlib: '>=1.3.1,<2.0a0'
    ncurses: '>=6.5,<7.0a0'
    rhash: '>=1.4.6,<2.0a0'
    zstd: '>=1.5.7,<1.6.0a0'
  url: https://conda.anaconda.org/conda-forge/linux-64/cmake-4.2.3-hc85cc9f_1.conda
  hash:
    md5: 51d37989c1758b5edfe98518088bf700
    sha256: 5ece78754577b8d9030ec1f09ce1cd481125f27d8d6fcdcfe2c1017661830c61
  category: main
  optional: false
- name: colorama
  version: 0.4.6
  manager: conda
  platform: linux-64
  dependencies:
    python: '>=3.9'
  url: https://conda.anaconda.org/conda-forge/noarch/colorama-0.4.6-pyhd8ed1ab_1.conda
  hash:
    md5: 962b9857ee8e7018c22f2776ffa0b2d7
    sha256: ab29d57dc70786c1269633ba3dff20288b81664d3ff8d21af995742e2bb03287
  category: main
  optional: false
- name: conda-gcc-specs
  version: 14.3.0
  manager: conda
  platform: linux-64
  dependencies:
    gcc_impl_linux-64: '>=14.3.0,<14.3.1.0a0'
  url: https://conda.anaconda.org/conda-forge/linux-64/conda-gcc-specs-14.3.0-he8ccf15_18.conda
  hash:
    md5: 0e3e144115c43c9150d18fa20db5f31c
    sha256: b90ec0e6a9eb22f7240b3584fe785457cff961fec68d40e6aece5d596f9bbd9a
  category: main
  optional: false
- name: cxx-compiler
  version: 1.11.0
  manager: conda
  platform: linux-64
  dependencies:
    c-compiler: 1.11.0
    gxx: ''
    gxx_linux-64: 14.*
  url: https://conda.anaconda.org/conda-forge/linux-64/cxx-compiler-1.11.0-hfcd1e18_0.conda
  hash:
    md5: 5da8c935dca9186673987f79cef0b2a5
    sha256: 3fcc97ae3e89c150401a50a4de58794ffc67b1ed0e1851468fcc376980201e25
  category: main
  optional: false
- name: exceptiongroup
  version: 1.3.1
  manager: conda
  platform: linux-64
  dependencies:
    python: '>=3.10'
    typing_extensions: '>=4.6.0'
  url: https://conda.anaconda.org/conda-forge/noarch/exceptiongroup-1.3.1-pyhd8ed1ab_0.conda
  hash:
    md5: 8e662bd460bda79b1ea39194e3c4c9ab
    sha256: ee6cf346d017d954255bbcbdb424cddea4d14e4ed7e9813e429db1d795d01144
  category: main
  optional: false
- name: gcc
  version: 14.3.0
  manager: conda
  platform: linux-64
  dependencies:
    conda-gcc-specs: ''
    gcc_impl_linux-64: 14.3.0
  url: https://conda.anaconda.org/conda-forge/linux-64/gcc-14.3.0-h0dff253_18.conda
  hash:
    md5: 52d6457abc42e320787ada5f9033fa99
    sha256: 9b34b57b06b485e33a40d430f71ac88c8f381673592507cf7161c50ff0832772
  category: main
  optional: false
- name: gcc_impl_linux-64
  version: 14.3.0
  manager: conda
  platform: linux-64
  dependencies:
    binutils_impl_linux-64: '>=2.45'
    libgcc: '>=14.3.0'
    libgcc-devel_linux-64: 14.3.0
    libgomp: '>=14.3.0'
    libsanitizer: 14.3.0
    libstdcxx: '>=14.3.0'
    libstdcxx-devel_linux-64: 14.3.0
    sysroot_linux-64: ''
  url: https://conda.anaconda.org/conda-forge/linux-64/gcc_impl_linux-64-14.3.0-hbdf3cc3_18.conda
  hash:
    md5: 30bb690150536f622873758b0e8d6712
    sha256: 3b31a273b806c6851e16e9cf63ef87cae28d19be0df148433f3948e7da795592
  category: main
  optional: false
- name: gcc_linux-64
  version: 14.3.0
  manager: conda
  platform: linux-64
  dependencies:
    binutils_linux-64: ''
    gcc_impl_linux-64: 14.3.0.*
    sysroot_linux-64: ''
  url: https://conda.anaconda.org/conda-forge/linux-64/gcc_linux-64-14.3.0-h298d278_21.conda
  hash:
    md5: 1403ed5fe091bd7442e4e8a229d14030
    sha256: 27ad0cd10dccffca74e20fb38c9f8643ff8fce56eee260bf89fa257d5ab0c90a
  category: main
  optional: false
- name: gxx
  version: 14.3.0
  manager: conda
  platform: linux-64
  dependencies:
    gcc: 14.3.0
    gxx_impl_linux-64: 14.3.0
  url: https://conda.anaconda.org/conda-forge/linux-64/gxx-14.3.0-h76987e4_18.conda
  hash:
    md5: 19189121d644d4ef75fed05383bc75f5
    sha256: 1b490c9be9669f9c559db7b2a1f7d8b973c58ca0c6f21a5d2ba3f0ab2da63362
  category: main
  optional: false
- name: gxx_impl_linux-64
  version: 14.3.0
  manager: conda
  platform: linux-64
  dependencies:
    gcc_impl_linux-64: 14.3.0
    libstdcxx-devel_linux-64: 14.3.0
    sysroot_linux-64: ''
    tzdata: ''
  url: https://conda.anaconda.org/conda-forge/linux-64/gxx_impl_linux-64-14.3.0-h2185e75_18.conda
  hash:
    md5: 6514b3a10e84b6a849e1b15d3753eb22
    sha256: 38ffca57cc9c264d461ac2ce9464a9d605e0f606d92d831de9075cb0d95fc68a
  category: main
  optional: false
- name: gxx_linux-64
  version: 14.3.0
  manager: conda
  platform: linux-64
  dependencies:
    binutils_linux-64: ''
    gcc_linux-64: ==14.3.0
    gxx_impl_linux-64: 14.3.0.*
    sysroot_linux-64: ''
  url: https://conda.anaconda.org/conda-forge/linux-64/gxx_linux-64-14.3.0-h033eb0a_21.conda
  hash:
    md5: 6d74b73ab992940a79260c65e7685fcb
    sha256: 48c31cd95b54a4363873827fcfc4f3670fedefebca868f48085a00085f5a8ab5
  category: main
  optional: false
- name: icu
  version: '78.2'
  manager: conda
  platform: linux-64
  dependencies:
    __glibc: '>=2.17,<3.0.a0'
    libgcc: '>=14'
    libstdcxx: '>=14'
  url: https://conda.anaconda.org/conda-forge/linux-64/icu-78.2-h33c6efd_0.conda
  hash:
    md5: 186a18e3ba246eccfc7cff00cd19a870
    sha256: 142a722072fa96cf16ff98eaaf641f54ab84744af81754c292cb81e0881c0329
  category: main
  optional: false
- name: iniconfig
  version: 2.3.0
  manager: conda
  platform: linux-64
  dependencies:
    python: '>=3.10'
  url: https://conda.anaconda.org/conda-forge/noarch/iniconfig-2.3.0-pyhd8ed1ab_0.conda
  hash:
    md5: 9614359868482abba1bd15ce465e3c42
    sha256: e1a9e3b1c8fe62dc3932a616c284b5d8cbe3124bbfbedcf4ce5c828cb166ee19
  category: main
  optional: false
- name: invoke
  version: 2.2.1
  manager: conda
  platform: linux-64
  dependencies:
    python: '>=3.10'
  url: https://conda.anaconda.org/conda-forge/noarch/invoke-2.2.1-pyhd8ed1ab_0.conda
  hash:
    md5: 3a804714ed59be1969ffca10f703ec2a
    sha256: 5a4e3a01f626c8de15ddada622d364e94ff28e8d6bdedf1665442ef03a4e0140
  category: main
  optional: false
- name: kernel-headers_linux-64
  version: 4.18.0
  manager: conda
  platform: linux-64
  dependencies: {}
  url: https://conda.anaconda.org/conda-forge/noarch/kernel-headers_linux-64-4.18.0-he073ed8_9.conda
  hash:
    md5: 86d9cba083cd041bfbf242a01a7a1999
    sha256: 41557eeadf641de6aeae49486cef30d02a6912d8da98585d687894afd65b356a
  category: main
  optional: false
- name: keyutils
  version: 1.6.3
  manager: conda
  platform: linux-64
  dependencies:
    __glibc: '>=2.17,<3.0.a0'
    libgcc: '>=13'
  url: https://conda.anaconda.org/conda-forge/linux-64/keyutils-1.6.3-hb9d3cd8_0.conda
  hash:
    md5: b38117a3c920364aff79f870c984b4a3
    sha256: 0960d06048a7185d3542d850986d807c6e37ca2e644342dd0c72feefcf26c2a4
  category: main
  optional: false
- name: krb5
  version: 1.22.2
  manager: conda
  platform: linux-64
  dependencies:
    __glibc: '>=2.17,<3.0.a0'
    keyutils: '>=1.6.3,<2.0a0'
    libedit: '>=3.1.20250104,<4.0a0'
    libgcc: '>=14'
    libstdcxx: '>=14'
    openssl: '>=3.5.5,<4.0a0'
  url: https://conda.anaconda.org/conda-forge/linux-64/krb5-1.22.2-ha1258a1_0.conda
  hash:
    md5: fb53fb07ce46a575c5d004bbc96032c2
    sha256: 3e307628ca3527448dd1cb14ad7bb9d04d1d28c7d4c5f97ba196ae984571dd25
  category: main
  optional: false
- name: ld_impl_linux-64
  version: 2.45.1
  manager: conda
  platform: linux-64
  dependencies:
    __glibc: '>=2.17,<3.0.a0'
    zstd: '>=1.5.7,<1.6.0a0'
  url: https://conda.anaconda.org/conda-forge/linux-64/ld_impl_linux-64-2.45.1-default_hbd61a6d_101.conda
  hash:
    md5: 12bd9a3f089ee6c9266a37dab82afabd
    sha256: 565941ac1f8b0d2f2e8f02827cbca648f4d18cd461afc31f15604cd291b5c5f3
  category: main
  optional: false
- name: libcurl
  version: 8.18.0
  manager: conda
  platform: linux-64
  dependencies:
    __glibc: '>=2.17,<3.0.a0'
    krb5: '>=1.22.2,<1.23.0a0'
    libgcc: '>=14'
    libnghttp2: '>=1.67.0,<2.0a0'
    libssh2: '>=1.11.1,<2.0a0'
    libzlib: '>=1.3.1,<2.0a0'
    openssl: '>=3.5.5,<4.0a0'
    zstd: '>=1.5.7,<1.6.0a0'
  url: https://conda.anaconda.org/conda-forge/linux-64/libcurl-8.18.0-hcf29cc6_1.conda
  hash:
    md5: 1707cdd636af2ff697b53186572c9f77
    sha256: c84e8dccb65ad5149c0121e4b54bdc47fa39303fd5f4979b8c44bb51b39a369b
  category: main
  optional: false
- name: libedit
  version: 3.1.20250104
  manager: conda
  platform: linux-64
  dependencies:
    __glibc: '>=2.17,<3.0.a0'
    libgcc: '>=13'
    ncurses: '>=6.5,<7.0a0'
  url: https://conda.anaconda.org/conda-forge/linux-64/libedit-3.1.20250104-pl5321h7949ede_0.conda
  hash:
    md5: c277e0a4d549b03ac1e9d6cbbe3d017b
    sha256: d789471216e7aba3c184cd054ed61ce3f6dac6f87a50ec69291b9297f8c18724
  category: main
  optional: false
- name: libev
  version: '4.33'
  manager: conda
  platform: linux-64
  dependencies:
    libgcc-ng: '>=12'
  url: https://conda.anaconda.org/conda-forge/linux-64/libev-4.33-hd590300_2.conda
  hash:
    md5: 172bf1cd1ff8629f2b1179945ed45055
    sha256: 1cd6048169fa0395af74ed5d8f1716e22c19a81a8a36f934c110ca3ad4dd27b4
  category: main
  optional: false
- name: libexpat
  version: 2.7.4
  manager: conda
  platform: linux-64
  dependencies:
    __glibc: '>=2.17,<3.0.a0'
    libgcc: '>=14'
  url: https://conda.anaconda.org/conda-forge/linux-64/libexpat-2.7.4-hecca717_0.conda
  hash:
    md5: e7f7ce06ec24cfcfb9e36d28cf82ba57
    sha256: d78f1d3bea8c031d2f032b760f36676d87929b18146351c4464c66b0869df3f5
  category: main
  optional: false
- name: libffi
  version: 3.5.2
  manager: conda
  platform: linux-64
  dependencies:
    __glibc: '>=2.17,<3.0.a0'
    libgcc: '>=14'
  url: https://conda.anaconda.org/conda-forge/linux-64/libffi-3.5.2-h3435931_0.conda
  hash:
    md5: a360c33a5abe61c07959e449fa1453eb
    sha256: 31f19b6a88ce40ebc0d5a992c131f57d919f73c0b92cd1617a5bec83f6e961e6
  category: main
  optional: false
- name: libgcc
  version: 15.2.0
  manager: conda
  platform: linux-64
  dependencies:
    __glibc: '>=2.17,<3.0.a0'
    _openmp_mutex: '>=4.5'
  url: https://conda.anaconda.org/conda-forge/linux-64/libgcc-15.2.0-he0feb66_18.conda
  hash:
    md5: 0aa00f03f9e39fb9876085dee11a85d4
    sha256: faf7d2017b4d718951e3a59d081eb09759152f93038479b768e3d612688f83f5
  category: main
  optional: false
- name: libgcc-devel_linux-64
  version: 14.3.0
  manager: conda
  platform: linux-64
  dependencies:
    __unix: ''
  url: https://conda.anaconda.org/conda-forge/noarch/libgcc-devel_linux-64-14.3.0-hf649bbc_118.conda
  hash:
    md5: 06901733131833f5edd68cf3d9679798
    sha256: 1abc6a81ee66e8ac9ac09a26e2d6ad7bba23f0a0cc3a6118654f036f9c0e1854
  category: main
  optional: false
- name: libgcc-ng
  version: 15.2.0
  manager: conda
  platform: linux-64
  dependencies:
    libgcc: 15.2.0
  url: https://conda.anaconda.org/conda-forge/linux-64/libgcc-ng-15.2.0-h69a702a_18.conda
  hash:
    md5: d5e96b1ed75ca01906b3d2469b4ce493
    sha256: e318a711400f536c81123e753d4c797a821021fb38970cebfb3f454126016893
  category: main
  optional: false
- name: libgomp
  version: 15.2.0
  manager: conda
  platform: linux-64
  dependencies:
    __glibc: '>=2.17,<3.0.a0'
  url: https://conda.anaconda.org/conda-forge/linux-64/libgomp-15.2.0-he0feb66_18.conda
  hash:
    md5: 239c5e9546c38a1e884d69effcf4c882
    sha256: 21337ab58e5e0649d869ab168d4e609b033509de22521de1bfed0c031bfc5110
  category: main
  optional: false
- name: liblzma
  version: 5.8.2
  manager: conda
  platform: linux-64
  dependencies:
    __glibc: '>=2.17,<3.0.a0'
    libgcc: '>=14'
  url: https://conda.anaconda.org/conda-forge/linux-64/liblzma-5.8.2-hb03c661_0.conda
  hash:
    md5: c7c83eecbb72d88b940c249af56c8b17
    sha256: 755c55ebab181d678c12e49cced893598f2bab22d582fbbf4d8b83c18be207eb
  category: main
  optional: false
- name: libmpdec
  version: 4.0.0
  manager: conda
  platform: linux-64
  dependencies:
    __glibc: '>=2.17,<3.0.a0'
    libgcc: '>=14'
  url: https://conda.anaconda.org/conda-forge/linux-64/libmpdec-4.0.0-hb03c661_1.conda
  hash:
    md5: 2c21e66f50753a083cbe6b80f38268fa
    sha256: fe171ed5cf5959993d43ff72de7596e8ac2853e9021dec0344e583734f1e0843
  category: main
  optional: false
- name: libnghttp2
  version: 1.67.0
  manager: conda
  platform: linux-64
  dependencies:
    __glibc: '>=2.17,<3.0.a0'
    c-ares: '>=1.34.5,<2.0a0'
    libev: '>=4.33,<5.0a0'
    libgcc: '>=14'
    libstdcxx: '>=14'
    libzlib: '>=1.3.1,<2.0a0'
    openssl: '>=3.5.2,<4.0a0'
  url: https://conda.anaconda.org/conda-forge/linux-64/libnghttp2-1.67.0-had1ee68_0.conda
  hash:
    md5: b499ce4b026493a13774bcf0f4c33849
    sha256: a4a7dab8db4dc81c736e9a9b42bdfd97b087816e029e221380511960ac46c690
  category: main
  optional: false
- name: libsanitizer
  version: 14.3.0
  manager: conda
  platform: linux-64
  dependencies:
    __glibc: '>=2.17,<3.0.a0'
    libgcc: '>=14.3.0'
    libstdcxx: '>=14.3.0'
  url: https://conda.anaconda.org/conda-forge/linux-64/libsanitizer-14.3.0-h8f1669f_18.conda
  hash:
    md5: ad3a0e2dc4cce549b2860e2ef0e6d75b
    sha256: e03ed186eefb46d7800224ad34bad1268c9d19ecb8f621380a50601c6221a4a7
  category: main
  optional: false
- name: libsqlite
  version: 3.51.2
  manager: conda
  platform: linux-64
  dependencies:
    __glibc: '>=2.17,<3.0.a0'
    icu: '>=78.2,<79.0a0'
    libgcc: '>=14'
    libzlib: '>=1.3.1,<2.0a0'
  url: https://conda.anaconda.org/conda-forge/linux-64/libsqlite-3.51.2-hf4e2dac_0.conda
  hash:
    md5: da5be73701eecd0e8454423fd6ffcf30
    sha256: 04596fcee262a870e4b7c9807224680ff48d4d0cc0dac076a602503d3dc6d217
  category: main
  optional: false
- name: libssh2
  version: 1.11.1
  manager: conda
  platform: linux-64
  dependencies:
    __glibc: '>=2.17,<3.0.a0'
    libgcc: '>=13'
    libzlib: '>=1.3.1,<2.0a0'
    openssl: '>=3.5.0,<4.0a0'
  url: https://conda.anaconda.org/conda-forge/linux-64/libssh2-1.11.1-hcf80075_0.conda
  hash:
    md5: eecce068c7e4eddeb169591baac20ac4
    sha256: fa39bfd69228a13e553bd24601332b7cfeb30ca11a3ca50bb028108fe90a7661
  category: main
  optional: false
- name: libstdcxx
  version: 15.2.0
  manager: conda
  platform: linux-64
  dependencies:
    __glibc: '>=2.17,<3.0.a0'
    libgcc: 15.2.0
  url: https://conda.anaconda.org/conda-forge/linux-64/libstdcxx-15.2.0-h934c35e_18.conda
  hash:
    md5: 1b08cd684f34175e4514474793d44bcb
    sha256: 78668020064fdaa27e9ab65cd2997e2c837b564ab26ce3bf0e58a2ce1a525c6e
  category: main
  optional: false
- name: libstdcxx-devel_linux-64
  version: 14.3.0
  manager: conda
  platform: linux-64
  dependencies:
    __unix: ''
  url: https://conda.anaconda.org/conda-forge/noarch/libstdcxx-devel_linux-64-14.3.0-h9f08a49_118.conda
  hash:
    md5: 865a399bce236119301ebd1532fced8d
    sha256: b1c3824769b92a1486bf3e2cc5f13304d83ae613ea061b7bc47bb6080d6dfdba
  category: main
  optional: false
- name: libuuid
  version: 2.41.3
  manager: conda
  platform: linux-64
  dependencies:
    __glibc: '>=2.17,<3.0.a0'
    libgcc: '>=14'
  url: https://conda.anaconda.org/conda-forge/linux-64/libuuid-2.41.3-h5347b49_0.conda
  hash:
    md5: db409b7c1720428638e7c0d509d3e1b5
    sha256: 1a7539cfa7df00714e8943e18de0b06cceef6778e420a5ee3a2a145773758aee
  category: main
  optional: false
- name: libuv
  version: 1.51.0
  manager: conda
  platform: linux-64
  dependencies:
    __glibc: '>=2.17,<3.0.a0'
    libgcc: '>=14'
  url: https://conda.anaconda.org/conda-forge/linux-64/libuv-1.51.0-hb03c661_1.conda
  hash:
    md5: 0f03292cc56bf91a077a134ea8747118
    sha256: c180f4124a889ac343fc59d15558e93667d894a966ec6fdb61da1604481be26b
  category: main
  optional: false
- name: libzlib
  version: 1.3.1
  manager: conda
  platform: linux-64
  dependencies:
    __glibc: '>=2.17,<3.0.a0'
    libgcc: '>=13'
  url: https://conda.anaconda.org/conda-forge/linux-64/libzlib-1.3.1-hb9d3cd8_2.conda
  hash:
    md5: edb0dca6bc32e4f4789199455a1dbeb8
    sha256: d4bfe88d7cb447768e31650f06257995601f89076080e76df55e3112d4e47dc4
  category: main
  optional: false
- name: ncurses
  version: '6.5'
  manager: conda
  platform: linux-64
  dependencies:
    __glibc: '>=2.17,<3.0.a0'
    libgcc: '>=13'
  url: https://conda.anaconda.org/conda-forge/linux-64/ncurses-6.5-h2d0b736_3.conda
  hash:
    md5: 47e340acb35de30501a76c7c799c41d7
    sha256: 3fde293232fa3fca98635e1167de6b7c7fda83caf24b9d6c91ec9eefb4f4d586
  category: main
  optional: false
- name: ninja
  version: 1.13.2
  manager: conda
  platform: linux-64
  dependencies:
    __glibc: '>=2.17,<3.0.a0'
    libgcc: '>=14'
    libstdcxx: '>=14'
  url: https://conda.anaconda.org/conda-forge/linux-64/ninja-1.13.2-h171cf75_0.conda
  hash:
    md5: b518e9e92493721281a60fa975bddc65
    sha256: 6f7d59dbec0a7b00bf5d103a4306e8886678b796ff2151b62452d4582b2a53fb
  category: main
  optional: false
- name: openssl
  version: 3.6.1
  manager: conda
  platform: linux-64
  dependencies:
    __glibc: '>=2.17,<3.0.a0'
    ca-certificates: ''
    libgcc: '>=14'
  url: https://conda.anaconda.org/conda-forge/linux-64/openssl-3.6.1-h35e630c_1.conda
  hash:
    md5: f61eb8cd60ff9057122a3d338b99c00f
    sha256: 44c877f8af015332a5d12f5ff0fb20ca32f896526a7d0cdb30c769df1144fb5c
  category: main
  optional: false
- name: packaging
  version: '26.0'
  manager: conda
  platform: linux-64
  dependencies:
    python: ''
  url: https://conda.anaconda.org/conda-forge/noarch/packaging-26.0-pyhcf101f3_0.conda
  hash:
    md5: b76541e68fea4d511b1ac46a28dcd2c6
    sha256: c1fc0f953048f743385d31c468b4a678b3ad20caffdeaa94bed85ba63049fd58
  category: main
  optional: false
- name: pluggy
  version: 1.6.0
  manager: conda
  platform: linux-64
  dependencies:
    python: ''
  url: https://conda.anaconda.org/conda-forge/noarch/pluggy-1.6.0-pyhf9edf01_1.conda
  hash:
    md5: d7585b6550ad04c8c5e21097ada2888e
    sha256: e14aafa63efa0528ca99ba568eaf506eb55a0371d12e6250aaaa61718d2eb62e
  category: main
  optional: false
- name: pybind11
  version: 3.0.2
  manager: conda
  platform: linux-64
  dependencies:
    pybind11-global: ==3.0.2
    python: ''
  url: https://conda.anaconda.org/conda-forge/noarch/pybind11-3.0.2-pyh7a1b43c_0.conda
  hash:
    md5: 44dff15b5d850481807888197b254b46
    sha256: c2d16e61270efeea13102836e0f1d3f758fb093207fbda561290fa1951c6051f
  category: main
  optional: false
- name: pybind11-global
  version: 3.0.2
  manager: conda
  platform: linux-64
  dependencies:
    __unix: ''
    python: ''
  url: https://conda.anaconda.org/conda-forge/noarch/pybind11-global-3.0.2-pyhc7ab6ef_0.conda
  hash:
    md5: 0c2d37c332453bd66b254bc71311fa30
    sha256: b97f25f7856b96ae187c17801d2536ff86a968da12f579bbc318f2367e365a02
  category: main
  optional: false
- name: pygments
  version: 2.19.2
  manager: conda
  platform: linux-64
  dependencies:
    python: '>=3.9'
  url: https://conda.anaconda.org/conda-forge/noarch/pygments-2.19.2-pyhd8ed1ab_0.conda
  hash:
    md5: 6b6ece66ebcae2d5f326c77ef2c5a066
    sha256: 5577623b9f6685ece2697c6eb7511b4c9ac5fb607c9babc2646c811b428fd46a
  category: main
  optional: false
- name: pytest
  version: 9.0.2
  manager: conda
  platform: linux-64
  dependencies:
    colorama: '>=0.4'
    exceptiongroup: '>=1'
    iniconfig: '>=1.0.1'
    packaging: '>=22'
    pluggy: '>=1.5,<2'
    pygments: '>=2.7.2'
    python: ''
    tomli: '>=1'
  url: https://conda.anaconda.org/conda-forge/noarch/pytest-9.0.2-pyhcf101f3_0.conda
  hash:
    md5: 2b694bad8a50dc2f712f5368de866480
    sha256: 9e749fb465a8bedf0184d8b8996992a38de351f7c64e967031944978de03a520
  category: main
  optional: false
- name: python
  version: 3.14.3
  manager: conda
  platform: linux-64
  dependencies:
    __glibc: '>=2.17,<3.0.a0'
    bzip2: '>=1.0.8,<2.0a0'
    ld_impl_linux-64: '>=2.36.1'
    libexpat: '>=2.7.3,<3.0a0'
    libffi: '>=3.5.2,<3.6.0a0'
    libgcc: '>=14'
    liblzma: '>=5.8.2,<6.0a0'
    libmpdec: '>=4.0.0,<5.0a0'
    libsqlite: '>=3.51.2,<4.0a0'
    libuuid: '>=2.41.3,<3.0a0'
    libzlib: '>=1.3.1,<2.0a0'
    ncurses: '>=6.5,<7.0a0'
    openssl: '>=3.5.5,<4.0a0'
    python_abi: 3.14.*
    readline: '>=8.3,<9.0a0'
    tk: '>=8.6.13,<8.7.0a0'
    tzdata: ''
    zstd: '>=1.5.7,<1.6.0a0'
  url: https://conda.anaconda.org/conda-forge/linux-64/python-3.14.3-h32b2ec7_101_cp314.conda
  hash:
    md5: c014ad06e60441661737121d3eae8a60
    sha256: cb0628c5f1732f889f53a877484da98f5a0e0f47326622671396fb4f2b0cd6bd
  category: main
  optional: false
- name: python_abi
  version: '3.14'
  manager: conda
  platform: linux-64
  dependencies: {}
  url: https://conda.anaconda.org/conda-forge/noarch/python_abi-3.14-8_cp314.conda
  hash:
    md5: 0539938c55b6b1a59b560e843ad864a4
    sha256: ad6d2e9ac39751cc0529dd1566a26751a0bf2542adb0c232533d32e176e21db5
  category: main
  optional: false
- name: readline
  version: '8.3'
  manager: conda
  platform: linux-64
  dependencies:
    __glibc: '>=2.17,<3.0.a0'
    libgcc: '>=14'
    ncurses: '>=6.5,<7.0a0'
  url: https://conda.anaconda.org/conda-forge/linux-64/readline-8.3-h853b02a_0.conda
  hash:
    md5: d7d95fc8287ea7bf33e0e7116d2b95ec
    sha256: 12ffde5a6f958e285aa22c191ca01bbd3d6e710aa852e00618fa6ddc59149002
  category: main
  optional: false
- name: rhash
  version: 1.4.6
  manager: conda
  platform: linux-64
  dependencies:
    __glibc: '>=2.17,<3.0.a0'
    libgcc: '>=13'
  url: https://conda.anaconda.org/conda-forge/linux-64/rhash-1.4.6-hb9d3cd8_1.conda
  hash:
    md5: c1c9b02933fdb2cfb791d936c20e887e
    sha256: d5c73079c1dd2c2a313c3bfd81c73dbd066b7eb08d213778c8bff520091ae894
  category: main
  optional: false
- name: sysroot_linux-64
  version: '2.28'
  manager: conda
  platform: linux-64
  dependencies:
    __glibc: '>=2.28'
    kernel-headers_linux-64: 4.18.0
    tzdata: ''
  url: https://conda.anaconda.org/conda-forge/noarch/sysroot_linux-64-2.28-h4ee821c_9.conda
  hash:
    md5: 13dc3adbc692664cd3beabd216434749
    sha256: c47299fe37aebb0fcf674b3be588e67e4afb86225be4b0d452c7eb75c086b851
  category: main
  optional: false
- name: tk
  version: 8.6.13
  manager: conda
  platform: linux-64
  dependencies:
    __glibc: '>=2.17,<3.0.a0'
    libgcc: '>=14'
    libzlib: '>=1.3.1,<2.0a0'
  url: https://conda.anaconda.org/conda-forge/linux-64/tk-8.6.13-noxft_h366c992_103.conda
  hash:
    md5: cffd3bdd58090148f4cfcd831f4b26ab
    sha256: cafeec44494f842ffeca27e9c8b0c27ed714f93ac77ddadc6aaf726b5554ebac
  category: main
  optional: false
- name: tomli
  version: 2.4.0
  manager: conda
  platform: linux-64
  dependencies:
    python: ''
  url: https://conda.anaconda.org/conda-forge/noarch/tomli-2.4.0-pyhcf101f3_0.conda
  hash:
    md5: 72e780e9aa2d0a3295f59b1874e3768b
    sha256: 62940c563de45790ba0f076b9f2085a842a65662268b02dd136a8e9b1eaf47a8
  category: main
  optional: false
- name: typing_extensions
  version: 4.15.0
  manager: conda
  platform: linux-64
  dependencies:
    python: ''
  url: https://conda.anaconda.org/conda-forge/noarch/typing_extensions-4.15.0-pyhcf101f3_0.conda
  hash:
    md5: 0caa1af407ecff61170c9437a808404d
    sha256: 032271135bca55aeb156cee361c81350c6f3fb203f57d024d7e5a1fc9ef18731
  category: main
  optional: false
- name: tzdata
  version: 2025c
  manager: conda
  platform: linux-64
  dependencies: {}
  url: https://conda.anaconda.org/conda-forge/noarch/tzdata-2025c-hc9c84f9_1.conda
  hash:
    md5: ad659d0a2b3e47e38d829aa8cad2d610
    sha256: 1d30098909076af33a35017eed6f2953af1c769e273a0626a04722ac4acaba3c
  category: main
  optional: false
- name: zstd
  version: 1.5.7
  manager: conda
  platform: linux-64
  dependencies:
    __glibc: '>=2.17,<3.0.a0'
    libzlib: '>=1.3.1,<2.0a0'
  url: https://conda.anaconda.org/conda-forge/linux-64/zstd-1.5.7-hb78ec9c_6.conda
  hash:
    md5: 4a13eeac0b5c8e5b8ab496e6c4ddd829
    sha256: 68f0206ca6e98fea941e5717cec780ed2873ffabc0e1ed34428c061e2c6268c7
  category: main
  optional: false
